{
  "version": 4,
  "terraform_version": "1.13.4",
  "serial": 11,
  "lineage": "b00f5c33-0fa5-a763-943c-71c106ad2d3c",
  "outputs": {},
  "resources": [
    {
      "mode": "managed",
      "type": "mongodbatlas_database_user",
      "name": "db_user",
      "provider": "provider[\"registry.terraform.io/mongodb/mongodbatlas\"]",
      "instances": [
        {
          "schema_version": 0,
          "attributes": {
            "auth_database_name": "admin",
            "aws_iam_type": "NONE",
            "description": null,
            "id": "YXV0aF9kYXRhYmFzZV9uYW1l:YWRtaW4=-cHJvamVjdF9pZA==:NjhmZTlmODk4N2UxMmEwNzdhNmM0MDBk-dXNlcm5hbWU=:dGZfdXNlcg==",
            "labels": [],
            "ldap_auth_type": "NONE",
            "oidc_auth_type": "NONE",
            "password": "TfUser@1234",
            "project_id": "68fe9f8987e12a077a6c400d",
            "roles": [
              {
                "collection_name": null,
                "database_name": "admin",
                "role_name": "readWrite"
              }
            ],
            "scopes": [],
            "username": "tf_user",
            "x509_type": "NONE"
          },
          "sensitive_attributes": [
            [
              {
                "type": "get_attr",
                "value": "password"
              }
            ]
          ],
          "identity_schema_version": 0,
          "dependencies": [
            "mongodbatlas_project.project"
          ]
        }
      ]
    },
    {
      "mode": "managed",
      "type": "mongodbatlas_project",
      "name": "project",
      "provider": "provider[\"registry.terraform.io/mongodb/mongodbatlas\"]",
      "instances": [
        {
          "schema_version": 0,
          "attributes": {
            "cluster_count": 0,
            "created": "2025-10-26T22:24:12Z",
            "id": "68fe9f8987e12a077a6c400d",
            "ip_addresses": {
              "services": {
                "clusters": []
              }
            },
            "is_collect_database_specifics_statistics_enabled": true,
            "is_data_explorer_enabled": true,
            "is_extended_storage_sizes_enabled": false,
            "is_performance_advisor_enabled": true,
            "is_realtime_performance_panel_enabled": true,
            "is_schema_advisor_enabled": true,
            "is_slow_operation_thresholding_enabled": true,
            "limits": [],
            "name": "tf-mongo-project",
            "org_id": "68fe925161c6781a5774802d",
            "project_owner_id": null,
            "region_usage_restrictions": null,
            "tags": null,
            "teams": [],
            "with_default_alerts_settings": true
          },
          "sensitive_attributes": [],
          "identity_schema_version": 0
        }
      ]
    }
  ],
  "check_results": null
}
